github.com/go-ruby-parser/parser v0.10.0 h1:uYxEAIL6V5K0bA5BrCzLgE2BFU8u4EkAEx22S3CpWTc=
github.com/go-ruby-parser/parser v0.10.0/go.mod h1:NRbX4dYcQ6CgcaSaMmu1dh95QuKGq+RdenUoWU73214=
github.com/go-ruby-yaml/yaml v0.0.0-20260916104302-910ced2db1c7 h1:0p98W8xQ9WMGipkUVYZcgqvfVED1pEBk4IMjmjAej2s=
github.com/go-ruby-yaml/yaml v0.0.0-20260916104302-910ced2db1c7/go.mod h1:HtbQgnZpSTJBAhPg1jOKgHycZl3tXgf9ZdOu4dnHWjQ=
