github.com/go-ruby-parser/parser v0.0.0-20260630055353-a831e712f1fd h1:4JhMDqqpXr2+lMoOKePJ7MzcoLMHmjoDsKWxz07ALEw=
github.com/go-ruby-parser/parser v0.0.0-20260630055353-a831e712f1fd/go.mod h1:NRbX4dYcQ6CgcaSaMmu1dh95QuKGq+RdenUoWU73214=
github.com/go-ruby-parser/parser v0.1.4 h1:PXET/DwT4CKzGuBs/XWMoNczw2AFo84BndzZ7IKDj/I=
github.com/go-ruby-parser/parser v0.1.4/go.mod h1:NRbX4dYcQ6CgcaSaMmu1dh95QuKGq+RdenUoWU73214=
github.com/go-ruby-yaml/yaml v0.0.0-20260629093916-8035038027bd h1:4HGjgCdTIuIEM+iZXJ9hJJzt0IBMtxPqdJq72mr0Y64=
github.com/go-ruby-yaml/yaml v0.0.0-20260629093916-8035038027bd/go.mod h1:HtbQgnZpSTJBAhPg1jOKgHycZl3tXgf9ZdOu4dnHWjQ=
